github.com/pieterjandesmedt/hugo-theme-kristoffelboghaert v0.0.0-20210123000549-b2272840aa77 h1:1ueBbNZob1AoURTJpxMO4KaptMa52d/bpIiMzWRNP7Q=
github.com/pieterjandesmedt/hugo-theme-kristoffelboghaert v0.0.0-20210123000549-b2272840aa77/go.mod h1:PfCz1UrD3c2YX9jhww1tz/2ZUVdh1Vs+9AQWQv1LfA0=
github.com/pieterjandesmedt/hugo-theme-kristoffelboghaert v0.0.0-20210128123510-72a02106fd48 h1:hmzAVFcq+ptnfjPwGiMTxa3DkCwoMbVDwhGnPvEztTQ=
github.com/pieterjandesmedt/hugo-theme-kristoffelboghaert v0.0.0-20210128123510-72a02106fd48/go.mod h1:x8zughiGbYsgspysf5INZkBpPlCCvLkhnZx1wiEVdVo=
github.com/pieterjandesmedt/hugo-theme-kristoffelboghaert v0.0.0-20210128131738-cb59d8fd49b6 h1:u77D59lJmGwH00ixqoBWi2A6PknizG/En22bzMrOCWU=
github.com/pieterjandesmedt/hugo-theme-kristoffelboghaert v0.0.0-20210128131738-cb59d8fd49b6/go.mod h1:x8zughiGbYsgspysf5INZkBpPlCCvLkhnZx1wiEVdVo=
github.com/pieterjandesmedt/hugo-theme-kristoffelboghaert v0.0.0-20210423151237-c38ec80377fa h1:T5oaBjWpIib92XYSiHofEIjLAEE/FTrPacgmt0Z1SVY=
github.com/pieterjandesmedt/hugo-theme-kristoffelboghaert v0.0.0-20210423151237-c38ec80377fa/go.mod h1:x8zughiGbYsgspysf5INZkBpPlCCvLkhnZx1wiEVdVo=
